
Microsoft Visual Studio Solution File, Format Version 12.00
# Visual Studio Version 17
VisualStudioVersion = 17.11.35327.3
MinimumVisualStudioVersion = 10.0.40219.1
Project("{FAE04EC0-301F-11D3-BF4B-00C04F79EFBC}") = "EmployeeApplication", "EmployeeApplication\EmployeeApplication.csproj", "{835E4A64-8EE3-4CF5-8800-03C4B05B8332}"
EndProject
Global
	GlobalSection(SolutionConfigurationPlatforms) = preSolution
		Debug|Any CPU = Debug|Any CPU
		Release|Any CPU = Release|Any CPU
	EndGlobalSection
	GlobalSection(ProjectConfigurationPlatforms) = postSolution
		{835E4A64-8EE3-4CF5-8800-03C4B05B8332}.Debug|Any CPU.ActiveCfg = Debug|Any CPU
		{835E4A64-8EE3-4CF5-8800-03C4B05B8332}.Debug|Any CPU.Build.0 = Debug|Any CPU
		{835E4A64-8EE3-4CF5-8800-03C4B05B8332}.Release|Any CPU.ActiveCfg = Release|Any CPU
		{835E4A64-8EE3-4CF5-8800-03C4B05B8332}.Release|Any CPU.Build.0 = Release|Any CPU
	EndGlobalSection
	GlobalSection(SolutionProperties) = preSolution
		HideSolutionNode = FALSE
	EndGlobalSection
	GlobalSection(ExtensibilityGlobals) = postSolution
		SolutionGuid = {1C90AE45-5D64-4B56-9E72-871EE00EDCC9}
	EndGlobalSection
EndGlobal
